
Microsoft Visual Studio Solution File, Format Version 12.00
# Visual Studio Version 16
VisualStudioVersion = 16.0.31402.337
MinimumVisualStudioVersion = 10.0.40219.1
Project("{FAE04EC0-301F-11D3-BF4B-00C04F79EFBC}") = "task1", "task1.csproj", "{73C19C06-9392-479A-A380-7CB7BA650CDF}"
EndProject
Global
	GlobalSection(SolutionConfigurationPlatforms) = preSolution
		Debug|Any CPU = Debug|Any CPU
		Release|Any CPU = Release|Any CPU
	EndGlobalSection
	GlobalSection(ProjectConfigurationPlatforms) = postSolution
		{73C19C06-9392-479A-A380-7CB7BA650CDF}.Debug|Any CPU.ActiveCfg = Debug|Any CPU
		{73C19C06-9392-479A-A380-7CB7BA650CDF}.Debug|Any CPU.Build.0 = Debug|Any CPU
		{73C19C06-9392-479A-A380-7CB7BA650CDF}.Release|Any CPU.ActiveCfg = Release|Any CPU
		{73C19C06-9392-479A-A380-7CB7BA650CDF}.Release|Any CPU.Build.0 = Release|Any CPU
	EndGlobalSection
	GlobalSection(SolutionProperties) = preSolution
		HideSolutionNode = FALSE
	EndGlobalSection
	GlobalSection(ExtensibilityGlobals) = postSolution
		SolutionGuid = {6038A8B9-21D6-48F3-8878-4350DCBBAECA}
	EndGlobalSection
EndGlobal
