
Microsoft Visual Studio Solution File, Format Version 12.00
# Visual Studio Version 16
VisualStudioVersion = 16.0.31402.337
MinimumVisualStudioVersion = 10.0.40219.1
Project("{FAE04EC0-301F-11D3-BF4B-00C04F79EFBC}") = "task1", "task1.csproj", "{CEF8F508-BB15-4D32-8285-174D731AFC3E}"
EndProject
Global
	GlobalSection(SolutionConfigurationPlatforms) = preSolution
		Debug|Any CPU = Debug|Any CPU
		Release|Any CPU = Release|Any CPU
	EndGlobalSection
	GlobalSection(ProjectConfigurationPlatforms) = postSolution
		{CEF8F508-BB15-4D32-8285-174D731AFC3E}.Debug|Any CPU.ActiveCfg = Debug|Any CPU
		{CEF8F508-BB15-4D32-8285-174D731AFC3E}.Debug|Any CPU.Build.0 = Debug|Any CPU
		{CEF8F508-BB15-4D32-8285-174D731AFC3E}.Release|Any CPU.ActiveCfg = Release|Any CPU
		{CEF8F508-BB15-4D32-8285-174D731AFC3E}.Release|Any CPU.Build.0 = Release|Any CPU
	EndGlobalSection
	GlobalSection(SolutionProperties) = preSolution
		HideSolutionNode = FALSE
	EndGlobalSection
	GlobalSection(ExtensibilityGlobals) = postSolution
		SolutionGuid = {7F5E153E-A1F2-411A-9D4E-95283C39CC52}
	EndGlobalSection
EndGlobal
